
Microsoft Visual Studio Solution File, Format Version 12.00
# Visual Studio Version 17
VisualStudioVersion = 17.6.33712.159
MinimumVisualStudioVersion = 10.0.40219.1
Project("{FAE04EC0-301F-11D3-BF4B-00C04F79EFBC}") = "NZWalks.API", "NZWalks.API\NZWalks.API.csproj", "{9E363C51-47D2-4C81-A72E-4AE3E663DE1C}"
EndProject
Global
	GlobalSection(SolutionConfigurationPlatforms) = preSolution
		Debug|Any CPU = Debug|Any CPU
		Release|Any CPU = Release|Any CPU
	EndGlobalSection
	GlobalSection(ProjectConfigurationPlatforms) = postSolution
		{9E363C51-47D2-4C81-A72E-4AE3E663DE1C}.Debug|Any CPU.ActiveCfg = Debug|Any CPU
		{9E363C51-47D2-4C81-A72E-4AE3E663DE1C}.Debug|Any CPU.Build.0 = Debug|Any CPU
		{9E363C51-47D2-4C81-A72E-4AE3E663DE1C}.Release|Any CPU.ActiveCfg = Release|Any CPU
		{9E363C51-47D2-4C81-A72E-4AE3E663DE1C}.Release|Any CPU.Build.0 = Release|Any CPU
	EndGlobalSection
	GlobalSection(SolutionProperties) = preSolution
		HideSolutionNode = FALSE
	EndGlobalSection
	GlobalSection(ExtensibilityGlobals) = postSolution
		SolutionGuid = {225573F5-6BBA-4ACA-8FC9-A5A1A74546F5}
	EndGlobalSection
EndGlobal
